// !$*UTF8*$!
{
	archiveVersion = 1;
	classes = {
	};
	objectVersion = 50;
	objects = {

/* Begin PBXBuildFile section */
		5DA86DA3C580062A6AD9BDBC /* libPods-mtg-scraper.a in Frameworks */ = {isa = PBXBuildFile; fileRef = D65D220CABE7BE43FC4FA0F4 /* libPods-mtg-scraper.a */; };
		EE76B46A20F659C4004ECE4A /* main.swift in Sources */ = {isa = PBXBuildFile; fileRef = EE76B46920F659C4004ECE4A /* main.swift */; };
		EE76B47120F65B08004ECE4A /* Scraper.swift in Sources */ = {isa = PBXBuildFile; fileRef = EE76B47020F65B08004ECE4A /* Scraper.swift */; };
		EE76B47320F65CC5004ECE4A /* Constants.swift in Sources */ = {isa = PBXBuildFile; fileRef = EE76B47220F65CC5004ECE4A /* Constants.swift */; };
		EE76B47520F660E7004ECE4A /* SearchPageParser.swift in Sources */ = {isa = PBXBuildFile; fileRef = EE76B47420F660E7004ECE4A /* SearchPageParser.swift */; };
		EE76B47720F7B09B004ECE4A /* CardPageParser.swift in Sources */ = {isa = PBXBuildFile; fileRef = EE76B47620F7B09B004ECE4A /* CardPageParser.swift */; };
/* End PBXBuildFile section */

/* Begin PBXCopyFilesBuildPhase section */
		EE76B46420F659C4004ECE4A /* CopyFiles */ = {
			isa = PBXCopyFilesBuildPhase;
			buildActionMask = 2147483647;
			dstPath = /usr/share/man/man1/;
			dstSubfolderSpec = 0;
			files = (
			);
			runOnlyForDeploymentPostprocessing = 1;
		};
/* End PBXCopyFilesBuildPhase section */

/* Begin PBXFileReference section */
		0272D597B8B7AC451722C018 /* Pods-mtg-scraper.release.xcconfig */ = {isa = PBXFileReference; includeInIndex = 1; lastKnownFileType = text.xcconfig; name = "Pods-mtg-scraper.release.xcconfig"; path = "Pods/Target Support Files/Pods-mtg-scraper/Pods-mtg-scraper.release.xcconfig"; sourceTree = "<group>"; };
		D20DAFAACD95CBC8CFEF1454 /* Pods-mtg-scraper.debug.xcconfig */ = {isa = PBXFileReference; includeInIndex = 1; lastKnownFileType = text.xcconfig; name = "Pods-mtg-scraper.debug.xcconfig"; path = "Pods/Target Support Files/Pods-mtg-scraper/Pods-mtg-scraper.debug.xcconfig"; sourceTree = "<group>"; };
		D65D220CABE7BE43FC4FA0F4 /* libPods-mtg-scraper.a */ = {isa = PBXFileReference; explicitFileType = archive.ar; includeInIndex = 0; path = "libPods-mtg-scraper.a"; sourceTree = BUILT_PRODUCTS_DIR; };
		EE76B46620F659C4004ECE4A /* mtg-scraper */ = {isa = PBXFileReference; explicitFileType = "compiled.mach-o.executable"; includeInIndex = 0; path = "mtg-scraper"; sourceTree = BUILT_PRODUCTS_DIR; };
		EE76B46920F659C4004ECE4A /* main.swift */ = {isa = PBXFileReference; lastKnownFileType = sourcecode.swift; path = main.swift; sourceTree = "<group>"; };
		EE76B47020F65B08004ECE4A /* Scraper.swift */ = {isa = PBXFileReference; lastKnownFileType = sourcecode.swift; path = Scraper.swift; sourceTree = "<group>"; };
		EE76B47220F65CC5004ECE4A /* Constants.swift */ = {isa = PBXFileReference; lastKnownFileType = sourcecode.swift; path = Constants.swift; sourceTree = "<group>"; };
		EE76B47420F660E7004ECE4A /* SearchPageParser.swift */ = {isa = PBXFileReference; lastKnownFileType = sourcecode.swift; path = SearchPageParser.swift; sourceTree = "<group>"; };
		EE76B47620F7B09B004ECE4A /* CardPageParser.swift */ = {isa = PBXFileReference; lastKnownFileType = sourcecode.swift; path = CardPageParser.swift; sourceTree = "<group>"; };
/* End PBXFileReference section */

/* Begin PBXFrameworksBuildPhase section */
		EE76B46320F659C4004ECE4A /* Frameworks */ = {
			isa = PBXFrameworksBuildPhase;
			buildActionMask = 2147483647;
			files = (
				5DA86DA3C580062A6AD9BDBC /* libPods-mtg-scraper.a in Frameworks */,
			);
			runOnlyForDeploymentPostprocessing = 0;
		};
/* End PBXFrameworksBuildPhase section */

/* Begin PBXGroup section */
		5734F8FD6C2AD622CD4045B7 /* Pods */ = {
			isa = PBXGroup;
			children = (
				D20DAFAACD95CBC8CFEF1454 /* Pods-mtg-scraper.debug.xcconfig */,
				0272D597B8B7AC451722C018 /* Pods-mtg-scraper.release.xcconfig */,
			);
			name = Pods;
			sourceTree = "<group>";
		};
		7D15D5823FDE74B09CEB3035 /* Frameworks */ = {
			isa = PBXGroup;
			children = (
				D65D220CABE7BE43FC4FA0F4 /* libPods-mtg-scraper.a */,
			);
			name = Frameworks;
			sourceTree = "<group>";
		};
		EE76B45D20F659C4004ECE4A = {
			isa = PBXGroup;
			children = (
				EE76B46820F659C4004ECE4A /* mtg-scraper */,
				EE76B46720F659C4004ECE4A /* Products */,
				5734F8FD6C2AD622CD4045B7 /* Pods */,
				7D15D5823FDE74B09CEB3035 /* Frameworks */,
			);
			sourceTree = "<group>";
		};
		EE76B46720F659C4004ECE4A /* Products */ = {
			isa = PBXGroup;
			children = (
				EE76B46620F659C4004ECE4A /* mtg-scraper */,
			);
			name = Products;
			sourceTree = "<group>";
		};
		EE76B46820F659C4004ECE4A /* mtg-scraper */ = {
			isa = PBXGroup;
			children = (
				EE76B46920F659C4004ECE4A /* main.swift */,
				EE76B47020F65B08004ECE4A /* Scraper.swift */,
				EE76B47220F65CC5004ECE4A /* Constants.swift */,
				EE76B47420F660E7004ECE4A /* SearchPageParser.swift */,
				EE76B47620F7B09B004ECE4A /* CardPageParser.swift */,
			);
			path = "mtg-scraper";
			sourceTree = "<group>";
		};
/* End PBXGroup section */

/* Begin PBXNativeTarget section */
		EE76B46520F659C4004ECE4A /* mtg-scraper */ = {
			isa = PBXNativeTarget;
			buildConfigurationList = EE76B46D20F659C4004ECE4A /* Build configuration list for PBXNativeTarget "mtg-scraper" */;
			buildPhases = (
				7D5682050326AC483A0DBEA8 /* [CP] Check Pods Manifest.lock */,
				EE76B46220F659C4004ECE4A /* Sources */,
				EE76B46320F659C4004ECE4A /* Frameworks */,
				EE76B46420F659C4004ECE4A /* CopyFiles */,
			);
			buildRules = (
			);
			dependencies = (
			);
			name = "mtg-scraper";
			productName = "mtg-scraper";
			productReference = EE76B46620F659C4004ECE4A /* mtg-scraper */;
			productType = "com.apple.product-type.tool";
		};
/* End PBXNativeTarget section */

/* Begin PBXProject section */
		EE76B45E20F659C4004ECE4A /* Project object */ = {
			isa = PBXProject;
			attributes = {
				LastSwiftUpdateCheck = 1000;
				LastUpgradeCheck = 1000;
				ORGANIZATIONNAME = "Robotic Snail Software";
				TargetAttributes = {
					EE76B46520F659C4004ECE4A = {
						CreatedOnToolsVersion = 10.0;
					};
				};
			};
			buildConfigurationList = EE76B46120F659C4004ECE4A /* Build configuration list for PBXProject "mtg-scraper" */;
			compatibilityVersion = "Xcode 9.3";
			developmentRegion = en;
			hasScannedForEncodings = 0;
			knownRegions = (
				en,
			);
			mainGroup = EE76B45D20F659C4004ECE4A;
			productRefGroup = EE76B46720F659C4004ECE4A /* Products */;
			projectDirPath = "";
			projectRoot = "";
			targets = (
				EE76B46520F659C4004ECE4A /* mtg-scraper */,
			);
		};
/* End PBXProject section */

/* Begin PBXShellScriptBuildPhase section */
		7D5682050326AC483A0DBEA8 /* [CP] Check Pods Manifest.lock */ = {
			isa = PBXShellScriptBuildPhase;
			buildActionMask = 2147483647;
			files = (
			);
			inputPaths = (
				"${PODS_PODFILE_DIR_PATH}/Podfile.lock",
				"${PODS_ROOT}/Manifest.lock",
			);
			name = "[CP] Check Pods Manifest.lock";
			outputPaths = (
				"$(DERIVED_FILE_DIR)/Pods-mtg-scraper-checkManifestLockResult.txt",
			);
			runOnlyForDeploymentPostprocessing = 0;
			shellPath = /bin/sh;
			shellScript = "diff \"${PODS_PODFILE_DIR_PATH}/Podfile.lock\" \"${PODS_ROOT}/Manifest.lock\" > /dev/null\nif [ $? != 0 ] ; then\n    # print error to STDERR\n    echo \"error: The sandbox is not in sync with the Podfile.lock. Run 'pod install' or update your CocoaPods installation.\" >&2\n    exit 1\nfi\n# This output is used by Xcode 'outputs' to avoid re-running this script phase.\necho \"SUCCESS\" > \"${SCRIPT_OUTPUT_FILE_0}\"\n";
			showEnvVarsInLog = 0;
		};
/* End PBXShellScriptBuildPhase section */

/* Begin PBXSourcesBuildPhase section */
		EE76B46220F659C4004ECE4A /* Sources */ = {
			isa = PBXSourcesBuildPhase;
			buildActionMask = 2147483647;
			files = (
				EE76B47720F7B09B004ECE4A /* CardPageParser.swift in Sources */,
				EE76B47120F65B08004ECE4A /* Scraper.swift in Sources */,
				EE76B47520F660E7004ECE4A /* SearchPageParser.swift in Sources */,
				EE76B46A20F659C4004ECE4A /* main.swift in Sources */,
				EE76B47320F65CC5004ECE4A /* Constants.swift in Sources */,
			);
			runOnlyForDeploymentPostprocessing = 0;
		};
/* End PBXSourcesBuildPhase section */

/* Begin XCBuildConfiguration section */
		EE76B46B20F659C4004ECE4A /* Debug */ = {
			isa = XCBuildConfiguration;
			buildSettings = {
				ALWAYS_SEARCH_USER_PATHS = NO;
				CLANG_ANALYZER_NONNULL = YES;
				CLANG_ANALYZER_NUMBER_OBJECT_CONVERSION = YES_AGGRESSIVE;
				CLANG_CXX_LANGUAGE_STANDARD = "gnu++14";
				CLANG_CXX_LIBRARY = "libc++";
				CLANG_ENABLE_MODULES = YES;
				CLANG_ENABLE_OBJC_ARC = YES;
				CLANG_ENABLE_OBJC_WEAK = YES;
				CLANG_WARN_BLOCK_CAPTURE_AUTORELEASING = YES;
				CLANG_WARN_BOOL_CONVERSION = YES;
				CLANG_WARN_COMMA = YES;
				CLANG_WARN_CONSTANT_CONVERSION = YES;
				CLANG_WARN_DEPRECATED_OBJC_IMPLEMENTATIONS = YES;
				CLANG_WARN_DIRECT_OBJC_ISA_USAGE = YES_ERROR;
				CLANG_WARN_DOCUMENTATION_COMMENTS = YES;
				CLANG_WARN_EMPTY_BODY = YES;
				CLANG_WARN_ENUM_CONVERSION = YES;
				CLANG_WARN_INFINITE_RECURSION = YES;
				CLANG_WARN_INT_CONVERSION = YES;
				CLANG_WARN_NON_LITERAL_NULL_CONVERSION = YES;
				CLANG_WARN_OBJC_IMPLICIT_RETAIN_SELF = YES;
				CLANG_WARN_OBJC_LITERAL_CONVERSION = YES;
				CLANG_WARN_OBJC_ROOT_CLASS = YES_ERROR;
				CLANG_WARN_RANGE_LOOP_ANALYSIS = YES;
				CLANG_WARN_STRICT_PROTOTYPES = YES;
				CLANG_WARN_SUSPICIOUS_MOVE = YES;
				CLANG_WARN_UNGUARDED_AVAILABILITY = YES_AGGRESSIVE;
				CLANG_WARN_UNREACHABLE_CODE = YES;
				CLANG_WARN__DUPLICATE_METHOD_MATCH = YES;
				CODE_SIGN_IDENTITY = "Mac Developer";
				COPY_PHASE_STRIP = NO;
				DEBUG_INFORMATION_FORMAT = dwarf;
				ENABLE_STRICT_OBJC_MSGSEND = YES;
				ENABLE_TESTABILITY = YES;
				GCC_C_LANGUAGE_STANDARD = gnu11;
				GCC_DYNAMIC_NO_PIC = NO;
				GCC_NO_COMMON_BLOCKS = YES;
				GCC_OPTIMIZATION_LEVEL = 0;
				GCC_PREPROCESSOR_DEFINITIONS = (
					"DEBUG=1",
					"$(inherited)",
				);
				GCC_WARN_64_TO_32_BIT_CONVERSION = YES;
				GCC_WARN_ABOUT_RETURN_TYPE = YES_ERROR;
				GCC_WARN_UNDECLARED_SELECTOR = YES;
				GCC_WARN_UNINITIALIZED_AUTOS = YES_AGGRESSIVE;
				GCC_WARN_UNUSED_FUNCTION = YES;
				GCC_WARN_UNUSED_VARIABLE = YES;
				MACOSX_DEPLOYMENT_TARGET = 10.14;
				MTL_ENABLE_DEBUG_INFO = INCLUDE_SOURCE;
				MTL_FAST_MATH = YES;
				ONLY_ACTIVE_ARCH = YES;
				SDKROOT = macosx;
				SWIFT_ACTIVE_COMPILATION_CONDITIONS = DEBUG;
				SWIFT_OPTIMIZATION_LEVEL = "-Onone";
			};
			name = Debug;
		};
		EE76B46C20F659C4004ECE4A /* Release */ = {
			isa = XCBuildConfiguration;
			buildSettings = {
				ALWAYS_SEARCH_USER_PATHS = NO;
				CLANG_ANALYZER_NONNULL = YES;
				CLANG_ANALYZER_NUMBER_OBJECT_CONVERSION = YES_AGGRESSIVE;
				CLANG_CXX_LANGUAGE_STANDARD = "gnu++14";
				CLANG_CXX_LIBRARY = "libc++";
				CLANG_ENABLE_MODULES = YES;
				CLANG_ENABLE_OBJC_ARC = YES;
				CLANG_ENABLE_OBJC_WEAK = YES;
				CLANG_WARN_BLOCK_CAPTURE_AUTORELEASING = YES;
				CLANG_WARN_BOOL_CONVERSION = YES;
				CLANG_WARN_COMMA = YES;
				CLANG_WARN_CONSTANT_CONVERSION = YES;
				CLANG_WARN_DEPRECATED_OBJC_IMPLEMENTATIONS = YES;
				CLANG_WARN_DIRECT_OBJC_ISA_USAGE = YES_ERROR;
				CLANG_WARN_DOCUMENTATION_COMMENTS = YES;
				CLANG_WARN_EMPTY_BODY = YES;
				CLANG_WARN_ENUM_CONVERSION = YES;
				CLANG_WARN_INFINITE_RECURSION = YES;
				CLANG_WARN_INT_CONVERSION = YES;
				CLANG_WARN_NON_LITERAL_NULL_CONVERSION = YES;
				CLANG_WARN_OBJC_IMPLICIT_RETAIN_SELF = YES;
				CLANG_WARN_OBJC_LITERAL_CONVERSION = YES;
				CLANG_WARN_OBJC_ROOT_CLASS = YES_ERROR;
				CLANG_WARN_RANGE_LOOP_ANALYSIS = YES;
				CLANG_WARN_STRICT_PROTOTYPES = YES;
				CLANG_WARN_SUSPICIOUS_MOVE = YES;
				CLANG_WARN_UNGUARDED_AVAILABILITY = YES_AGGRESSIVE;
				CLANG_WARN_UNREACHABLE_CODE = YES;
				CLANG_WARN__DUPLICATE_METHOD_MATCH = YES;
				CODE_SIGN_IDENTITY = "Mac Developer";
				COPY_PHASE_STRIP = NO;
				DEBUG_INFORMATION_FORMAT = "dwarf-with-dsym";
				ENABLE_NS_ASSERTIONS = NO;
				ENABLE_STRICT_OBJC_MSGSEND = YES;
				GCC_C_LANGUAGE_STANDARD = gnu11;
				GCC_NO_COMMON_BLOCKS = YES;
				GCC_WARN_64_TO_32_BIT_CONVERSION = YES;
				GCC_WARN_ABOUT_RETURN_TYPE = YES_ERROR;
				GCC_WARN_UNDECLARED_SELECTOR = YES;
				GCC_WARN_UNINITIALIZED_AUTOS = YES_AGGRESSIVE;
				GCC_WARN_UNUSED_FUNCTION = YES;
				GCC_WARN_UNUSED_VARIABLE = YES;
				MACOSX_DEPLOYMENT_TARGET = 10.14;
				MTL_ENABLE_DEBUG_INFO = NO;
				MTL_FAST_MATH = YES;
				SDKROOT = macosx;
				SWIFT_COMPILATION_MODE = wholemodule;
				SWIFT_OPTIMIZATION_LEVEL = "-O";
			};
			name = Release;
		};
		EE76B46E20F659C4004ECE4A /* Debug */ = {
			isa = XCBuildConfiguration;
			baseConfigurationReference = D20DAFAACD95CBC8CFEF1454 /* Pods-mtg-scraper.debug.xcconfig */;
			buildSettings = {
				CODE_SIGN_STYLE = Automatic;
				DEVELOPMENT_TEAM = JANZDS5D43;
				MACOSX_DEPLOYMENT_TARGET = 10.13;
				PRODUCT_NAME = "$(TARGET_NAME)";
				SWIFT_VERSION = 4.0;
			};
			name = Debug;
		};
		EE76B46F20F659C4004ECE4A /* Release */ = {
			isa = XCBuildConfiguration;
			baseConfigurationReference = 0272D597B8B7AC451722C018 /* Pods-mtg-scraper.release.xcconfig */;
			buildSettings = {
				CODE_SIGN_STYLE = Automatic;
				DEVELOPMENT_TEAM = JANZDS5D43;
				MACOSX_DEPLOYMENT_TARGET = 10.13;
				PRODUCT_NAME = "$(TARGET_NAME)";
				SWIFT_VERSION = 4.0;
			};
			name = Release;
		};
/* End XCBuildConfiguration section */

/* Begin XCConfigurationList section */
		EE76B46120F659C4004ECE4A /* Build configuration list for PBXProject "mtg-scraper" */ = {
			isa = XCConfigurationList;
			buildConfigurations = (
				EE76B46B20F659C4004ECE4A /* Debug */,
				EE76B46C20F659C4004ECE4A /* Release */,
			);
			defaultConfigurationIsVisible = 0;
			defaultConfigurationName = Release;
		};
		EE76B46D20F659C4004ECE4A /* Build configuration list for PBXNativeTarget "mtg-scraper" */ = {
			isa = XCConfigurationList;
			buildConfigurations = (
				EE76B46E20F659C4004ECE4A /* Debug */,
				EE76B46F20F659C4004ECE4A /* Release */,
			);
			defaultConfigurationIsVisible = 0;
			defaultConfigurationName = Release;
		};
/* End XCConfigurationList section */
	};
	rootObject = EE76B45E20F659C4004ECE4A /* Project object */;
}
